
Microsoft Visual Studio Solution File, Format Version 12.00
# Visual Studio Version 16
VisualStudioVersion = 16.0.29911.84
MinimumVisualStudioVersion = 10.0.40219.1
Project("{8BC9CEB8-8B4A-11D0-8D11-00A0C91BC942}") = "Queue", "Queue\Queue.vcxproj", "{1D35432B-CF94-4E36-B425-4F8DD18FC2ED}"
EndProject
Project("{8BC9CEB8-8B4A-11D0-8D11-00A0C91BC942}") = "BinaryTree", "BinaryTree\BinaryTree.vcxproj", "{491AD957-62D4-4D95-A0AB-1138B47B4279}"
EndProject
Global
	GlobalSection(SolutionConfigurationPlatforms) = preSolution
		Debug|x64 = Debug|x64
		Debug|x86 = Debug|x86
		Release|x64 = Release|x64
		Release|x86 = Release|x86
	EndGlobalSection
	GlobalSection(ProjectConfigurationPlatforms) = postSolution
		{1D35432B-CF94-4E36-B425-4F8DD18FC2ED}.Debug|x64.ActiveCfg = Debug|x64
		{1D35432B-CF94-4E36-B425-4F8DD18FC2ED}.Debug|x64.Build.0 = Debug|x64
		{1D35432B-CF94-4E36-B425-4F8DD18FC2ED}.Debug|x86.ActiveCfg = Debug|Win32
		{1D35432B-CF94-4E36-B425-4F8DD18FC2ED}.Debug|x86.Build.0 = Debug|Win32
		{1D35432B-CF94-4E36-B425-4F8DD18FC2ED}.Release|x64.ActiveCfg = Release|x64
		{1D35432B-CF94-4E36-B425-4F8DD18FC2ED}.Release|x64.Build.0 = Release|x64
		{1D35432B-CF94-4E36-B425-4F8DD18FC2ED}.Release|x86.ActiveCfg = Release|Win32
		{1D35432B-CF94-4E36-B425-4F8DD18FC2ED}.Release|x86.Build.0 = Release|Win32
		{491AD957-62D4-4D95-A0AB-1138B47B4279}.Debug|x64.ActiveCfg = Debug|x64
		{491AD957-62D4-4D95-A0AB-1138B47B4279}.Debug|x64.Build.0 = Debug|x64
		{491AD957-62D4-4D95-A0AB-1138B47B4279}.Debug|x86.ActiveCfg = Debug|Win32
		{491AD957-62D4-4D95-A0AB-1138B47B4279}.Debug|x86.Build.0 = Debug|Win32
		{491AD957-62D4-4D95-A0AB-1138B47B4279}.Release|x64.ActiveCfg = Release|x64
		{491AD957-62D4-4D95-A0AB-1138B47B4279}.Release|x64.Build.0 = Release|x64
		{491AD957-62D4-4D95-A0AB-1138B47B4279}.Release|x86.ActiveCfg = Release|Win32
		{491AD957-62D4-4D95-A0AB-1138B47B4279}.Release|x86.Build.0 = Release|Win32
	EndGlobalSection
	GlobalSection(SolutionProperties) = preSolution
		HideSolutionNode = FALSE
	EndGlobalSection
	GlobalSection(ExtensibilityGlobals) = postSolution
		SolutionGuid = {304B6BB8-A91F-4269-BEEC-F601919BB638}
	EndGlobalSection
EndGlobal
